{
  "name": "@jterrats/ableton-live-mcp",
  "version": "0.2.1",
  "lockfileVersion": 3,
  "requires": true,
  "packages": {
    "": {
      "name": "@jterrats/ableton-live-mcp",
      "version": "0.2.1",
      "license": "MIT",
      "bin": {
        "ableton-live-mcp": "src/cli.js"
      },
      "engines": {
        "node": ">=18"
      }
    }
  }
}
